// !$*UTF8*$!
{
	archiveVersion = 1;
	classes = {
	};
	objectVersion = 50;
	objects = {

/* Begin PBXBuildFile section */
		317C3C3768B920B11CB8975F /* Pods_UKVimeoVideoExtractor_Swift.framework in Frameworks */ = {isa = PBXBuildFile; fileRef = 5213142BF6016B0BCC4EB21E /* Pods_UKVimeoVideoExtractor_Swift.framework */; };
		5C5C3EB22244E31C00DDBD0E /* AppDelegate.swift in Sources */ = {isa = PBXBuildFile; fileRef = 5C5C3EB12244E31C00DDBD0E /* AppDelegate.swift */; };
		5C5C3EB42244E31C00DDBD0E /* ViewController.swift in Sources */ = {isa = PBXBuildFile; fileRef = 5C5C3EB32244E31C00DDBD0E /* ViewController.swift */; };
		5C5C3EB72244E31C00DDBD0E /* Main.storyboard in Resources */ = {isa = PBXBuildFile; fileRef = 5C5C3EB52244E31C00DDBD0E /* Main.storyboard */; };
		5C5C3EB92244E32000DDBD0E /* Assets.xcassets in Resources */ = {isa = PBXBuildFile; fileRef = 5C5C3EB82244E32000DDBD0E /* Assets.xcassets */; };
		5C5C3EBC2244E32000DDBD0E /* LaunchScreen.storyboard in Resources */ = {isa = PBXBuildFile; fileRef = 5C5C3EBA2244E32000DDBD0E /* LaunchScreen.storyboard */; };
		5C5C3EC42244E4F000DDBD0E /* UKVimeoUrlExtractor.swift in Sources */ = {isa = PBXBuildFile; fileRef = 5C5C3EC32244E4F000DDBD0E /* UKVimeoUrlExtractor.swift */; };
		5C5C3EC82245119200DDBD0E /* UKVimeoVideo.swift in Sources */ = {isa = PBXBuildFile; fileRef = 5C5C3EC72245119200DDBD0E /* UKVimeoVideo.swift */; };
/* End PBXBuildFile section */

/* Begin PBXFileReference section */
		4FB29CD1CD0759D6725C062C /* Pods-UKVimeoVideoExtractor_Swift.debug.xcconfig */ = {isa = PBXFileReference; includeInIndex = 1; lastKnownFileType = text.xcconfig; name = "Pods-UKVimeoVideoExtractor_Swift.debug.xcconfig"; path = "Target Support Files/Pods-UKVimeoVideoExtractor_Swift/Pods-UKVimeoVideoExtractor_Swift.debug.xcconfig"; sourceTree = "<group>"; };
		5213142BF6016B0BCC4EB21E /* Pods_UKVimeoVideoExtractor_Swift.framework */ = {isa = PBXFileReference; explicitFileType = wrapper.framework; includeInIndex = 0; path = Pods_UKVimeoVideoExtractor_Swift.framework; sourceTree = BUILT_PRODUCTS_DIR; };
		5C5C3EAE2244E31C00DDBD0E /* UKVimeoVideoExtractor_Swift.app */ = {isa = PBXFileReference; explicitFileType = wrapper.application; includeInIndex = 0; path = UKVimeoVideoExtractor_Swift.app; sourceTree = BUILT_PRODUCTS_DIR; };
		5C5C3EB12244E31C00DDBD0E /* AppDelegate.swift */ = {isa = PBXFileReference; lastKnownFileType = sourcecode.swift; path = AppDelegate.swift; sourceTree = "<group>"; };
		5C5C3EB32244E31C00DDBD0E /* ViewController.swift */ = {isa = PBXFileReference; lastKnownFileType = sourcecode.swift; path = ViewController.swift; sourceTree = "<group>"; };
		5C5C3EB62244E31C00DDBD0E /* Base */ = {isa = PBXFileReference; lastKnownFileType = file.storyboard; name = Base; path = Base.lproj/Main.storyboard; sourceTree = "<group>"; };
		5C5C3EB82244E32000DDBD0E /* Assets.xcassets */ = {isa = PBXFileReference; lastKnownFileType = folder.assetcatalog; path = Assets.xcassets; sourceTree = "<group>"; };
		5C5C3EBB2244E32000DDBD0E /* Base */ = {isa = PBXFileReference; lastKnownFileType = file.storyboard; name = Base; path = Base.lproj/LaunchScreen.storyboard; sourceTree = "<group>"; };
		5C5C3EBD2244E32000DDBD0E /* Info.plist */ = {isa = PBXFileReference; lastKnownFileType = text.plist.xml; path = Info.plist; sourceTree = "<group>"; };
		5C5C3EC32244E4F000DDBD0E /* UKVimeoUrlExtractor.swift */ = {isa = PBXFileReference; fileEncoding = 4; lastKnownFileType = sourcecode.swift; path = UKVimeoUrlExtractor.swift; sourceTree = "<group>"; };
		5C5C3EC72245119200DDBD0E /* UKVimeoVideo.swift */ = {isa = PBXFileReference; fileEncoding = 4; lastKnownFileType = sourcecode.swift; path = UKVimeoVideo.swift; sourceTree = "<group>"; };
		AB0F36262A5A6C99F665D576 /* Pods-UKVimeoVideoExtractor_Swift.release.xcconfig */ = {isa = PBXFileReference; includeInIndex = 1; lastKnownFileType = text.xcconfig; name = "Pods-UKVimeoVideoExtractor_Swift.release.xcconfig"; path = "Target Support Files/Pods-UKVimeoVideoExtractor_Swift/Pods-UKVimeoVideoExtractor_Swift.release.xcconfig"; sourceTree = "<group>"; };
/* End PBXFileReference section */

/* Begin PBXFrameworksBuildPhase section */
		5C5C3EAB2244E31C00DDBD0E /* Frameworks */ = {
			isa = PBXFrameworksBuildPhase;
			buildActionMask = 2147483647;
			files = (
				317C3C3768B920B11CB8975F /* Pods_UKVimeoVideoExtractor_Swift.framework in Frameworks */,
			);
			runOnlyForDeploymentPostprocessing = 0;
		};
/* End PBXFrameworksBuildPhase section */

/* Begin PBXGroup section */
		5C5C3EA52244E31C00DDBD0E = {
			isa = PBXGroup;
			children = (
				5C5C3EB02244E31C00DDBD0E /* UKVimeoVideoExtractor_Swift */,
				5C5C3EAF2244E31C00DDBD0E /* Products */,
				FA3FB96EC8194444FC09F544 /* Pods */,
				8044F6ABED3ED64677567AB7 /* Frameworks */,
			);
			sourceTree = "<group>";
		};
		5C5C3EAF2244E31C00DDBD0E /* Products */ = {
			isa = PBXGroup;
			children = (
				5C5C3EAE2244E31C00DDBD0E /* UKVimeoVideoExtractor_Swift.app */,
			);
			name = Products;
			sourceTree = "<group>";
		};
		5C5C3EB02244E31C00DDBD0E /* UKVimeoVideoExtractor_Swift */ = {
			isa = PBXGroup;
			children = (
				5C5C3EB12244E31C00DDBD0E /* AppDelegate.swift */,
				5C5C3EB32244E31C00DDBD0E /* ViewController.swift */,
				5C5C3EB52244E31C00DDBD0E /* Main.storyboard */,
				5C5C3EB82244E32000DDBD0E /* Assets.xcassets */,
				5C5C3EC92245287600DDBD0E /* UKHelper */,
				5C5C3EBA2244E32000DDBD0E /* LaunchScreen.storyboard */,
				5C5C3EBD2244E32000DDBD0E /* Info.plist */,
			);
			path = UKVimeoVideoExtractor_Swift;
			sourceTree = "<group>";
		};
		5C5C3EC92245287600DDBD0E /* UKHelper */ = {
			isa = PBXGroup;
			children = (
				5C5C3EC32244E4F000DDBD0E /* UKVimeoUrlExtractor.swift */,
				5C5C3EC72245119200DDBD0E /* UKVimeoVideo.swift */,
			);
			path = UKHelper;
			sourceTree = "<group>";
		};
		8044F6ABED3ED64677567AB7 /* Frameworks */ = {
			isa = PBXGroup;
			children = (
				5213142BF6016B0BCC4EB21E /* Pods_UKVimeoVideoExtractor_Swift.framework */,
			);
			name = Frameworks;
			sourceTree = "<group>";
		};
		FA3FB96EC8194444FC09F544 /* Pods */ = {
			isa = PBXGroup;
			children = (
				4FB29CD1CD0759D6725C062C /* Pods-UKVimeoVideoExtractor_Swift.debug.xcconfig */,
				AB0F36262A5A6C99F665D576 /* Pods-UKVimeoVideoExtractor_Swift.release.xcconfig */,
			);
			path = Pods;
			sourceTree = "<group>";
		};
/* End PBXGroup section */

/* Begin PBXNativeTarget section */
		5C5C3EAD2244E31C00DDBD0E /* UKVimeoVideoExtractor_Swift */ = {
			isa = PBXNativeTarget;
			buildConfigurationList = 5C5C3EC02244E32000DDBD0E /* Build configuration list for PBXNativeTarget "UKVimeoVideoExtractor_Swift" */;
			buildPhases = (
				B0AD1ABB0E1A57AE85EA208D /* [CP] Check Pods Manifest.lock */,
				5C5C3EAA2244E31C00DDBD0E /* Sources */,
				5C5C3EAB2244E31C00DDBD0E /* Frameworks */,
				5C5C3EAC2244E31C00DDBD0E /* Resources */,
				7832180321809F23182A5488 /* [CP] Embed Pods Frameworks */,
			);
			buildRules = (
			);
			dependencies = (
			);
			name = UKVimeoVideoExtractor_Swift;
			productName = UKVimeoVideoExtractor_Swift;
			productReference = 5C5C3EAE2244E31C00DDBD0E /* UKVimeoVideoExtractor_Swift.app */;
			productType = "com.apple.product-type.application";
		};
/* End PBXNativeTarget section */

/* Begin PBXProject section */
		5C5C3EA62244E31C00DDBD0E /* Project object */ = {
			isa = PBXProject;
			attributes = {
				LastSwiftUpdateCheck = 1010;
				LastUpgradeCheck = 1010;
				ORGANIZATIONNAME = UKS;
				TargetAttributes = {
					5C5C3EAD2244E31C00DDBD0E = {
						CreatedOnToolsVersion = 10.1;
					};
				};
			};
			buildConfigurationList = 5C5C3EA92244E31C00DDBD0E /* Build configuration list for PBXProject "UKVimeoVideoExtractor_Swift" */;
			compatibilityVersion = "Xcode 9.3";
			developmentRegion = en;
			hasScannedForEncodings = 0;
			knownRegions = (
				en,
				Base,
			);
			mainGroup = 5C5C3EA52244E31C00DDBD0E;
			productRefGroup = 5C5C3EAF2244E31C00DDBD0E /* Products */;
			projectDirPath = "";
			projectRoot = "";
			targets = (
				5C5C3EAD2244E31C00DDBD0E /* UKVimeoVideoExtractor_Swift */,
			);
		};
/* End PBXProject section */

/* Begin PBXResourcesBuildPhase section */
		5C5C3EAC2244E31C00DDBD0E /* Resources */ = {
			isa = PBXResourcesBuildPhase;
			buildActionMask = 2147483647;
			files = (
				5C5C3EBC2244E32000DDBD0E /* LaunchScreen.storyboard in Resources */,
				5C5C3EB92244E32000DDBD0E /* Assets.xcassets in Resources */,
				5C5C3EB72244E31C00DDBD0E /* Main.storyboard in Resources */,
			);
			runOnlyForDeploymentPostprocessing = 0;
		};
/* End PBXResourcesBuildPhase section */

/* Begin PBXShellScriptBuildPhase section */
		7832180321809F23182A5488 /* [CP] Embed Pods Frameworks */ = {
			isa = PBXShellScriptBuildPhase;
			buildActionMask = 2147483647;
			files = (
			);
			inputFileListPaths = (
			);
			inputPaths = (
				"${PODS_ROOT}/Target Support Files/Pods-UKVimeoVideoExtractor_Swift/Pods-UKVimeoVideoExtractor_Swift-frameworks.sh",
				"${BUILT_PRODUCTS_DIR}/AFNetworking/AFNetworking.framework",
				"${BUILT_PRODUCTS_DIR}/VimeoNetworking/VimeoNetworking.framework",
			);
			name = "[CP] Embed Pods Frameworks";
			outputFileListPaths = (
			);
			outputPaths = (
				"${TARGET_BUILD_DIR}/${FRAMEWORKS_FOLDER_PATH}/AFNetworking.framework",
				"${TARGET_BUILD_DIR}/${FRAMEWORKS_FOLDER_PATH}/VimeoNetworking.framework",
			);
			runOnlyForDeploymentPostprocessing = 0;
			shellPath = /bin/sh;
			shellScript = "\"${PODS_ROOT}/Target Support Files/Pods-UKVimeoVideoExtractor_Swift/Pods-UKVimeoVideoExtractor_Swift-frameworks.sh\"\n";
			showEnvVarsInLog = 0;
		};
		B0AD1ABB0E1A57AE85EA208D /* [CP] Check Pods Manifest.lock */ = {
			isa = PBXShellScriptBuildPhase;
			buildActionMask = 2147483647;
			files = (
			);
			inputFileListPaths = (
			);
			inputPaths = (
				"${PODS_PODFILE_DIR_PATH}/Podfile.lock",
				"${PODS_ROOT}/Manifest.lock",
			);
			name = "[CP] Check Pods Manifest.lock";
			outputFileListPaths = (
			);
			outputPaths = (
				"$(DERIVED_FILE_DIR)/Pods-UKVimeoVideoExtractor_Swift-checkManifestLockResult.txt",
			);
			runOnlyForDeploymentPostprocessing = 0;
			shellPath = /bin/sh;
			shellScript = "diff \"${PODS_PODFILE_DIR_PATH}/Podfile.lock\" \"${PODS_ROOT}/Manifest.lock\" > /dev/null\nif [ $? != 0 ] ; then\n    # print error to STDERR\n    echo \"error: The sandbox is not in sync with the Podfile.lock. Run 'pod install' or update your CocoaPods installation.\" >&2\n    exit 1\nfi\n# This output is used by Xcode 'outputs' to avoid re-running this script phase.\necho \"SUCCESS\" > \"${SCRIPT_OUTPUT_FILE_0}\"\n";
			showEnvVarsInLog = 0;
		};
/* End PBXShellScriptBuildPhase section */

/* Begin PBXSourcesBuildPhase section */
		5C5C3EAA2244E31C00DDBD0E /* Sources */ = {
			isa = PBXSourcesBuildPhase;
			buildActionMask = 2147483647;
			files = (
				5C5C3EC82245119200DDBD0E /* UKVimeoVideo.swift in Sources */,
				5C5C3EB42244E31C00DDBD0E /* ViewController.swift in Sources */,
				5C5C3EC42244E4F000DDBD0E /* UKVimeoUrlExtractor.swift in Sources */,
				5C5C3EB22244E31C00DDBD0E /* AppDelegate.swift in Sources */,
			);
			runOnlyForDeploymentPostprocessing = 0;
		};
/* End PBXSourcesBuildPhase section */

/* Begin PBXVariantGroup section */
		5C5C3EB52244E31C00DDBD0E /* Main.storyboard */ = {
			isa = PBXVariantGroup;
			children = (
				5C5C3EB62244E31C00DDBD0E /* Base */,
			);
			name = Main.storyboard;
			sourceTree = "<group>";
		};
		5C5C3EBA2244E32000DDBD0E /* LaunchScreen.storyboard */ = {
			isa = PBXVariantGroup;
			children = (
				5C5C3EBB2244E32000DDBD0E /* Base */,
			);
			name = LaunchScreen.storyboard;
			sourceTree = "<group>";
		};
/* End PBXVariantGroup section */

/* Begin XCBuildConfiguration section */
		5C5C3EBE2244E32000DDBD0E /* Debug */ = {
			isa = XCBuildConfiguration;
			buildSettings = {
				ALWAYS_SEARCH_USER_PATHS = NO;
				CLANG_ANALYZER_NONNULL = YES;
				CLANG_ANALYZER_NUMBER_OBJECT_CONVERSION = YES_AGGRESSIVE;
				CLANG_CXX_LANGUAGE_STANDARD = "gnu++14";
				CLANG_CXX_LIBRARY = "libc++";
				CLANG_ENABLE_MODULES = YES;
				CLANG_ENABLE_OBJC_ARC = YES;
				CLANG_ENABLE_OBJC_WEAK = YES;
				CLANG_WARN_BLOCK_CAPTURE_AUTORELEASING = YES;
				CLANG_WARN_BOOL_CONVERSION = YES;
				CLANG_WARN_COMMA = YES;
				CLANG_WARN_CONSTANT_CONVERSION = YES;
				CLANG_WARN_DEPRECATED_OBJC_IMPLEMENTATIONS = YES;
				CLANG_WARN_DIRECT_OBJC_ISA_USAGE = YES_ERROR;
				CLANG_WARN_DOCUMENTATION_COMMENTS = YES;
				CLANG_WARN_EMPTY_BODY = YES;
				CLANG_WARN_ENUM_CONVERSION = YES;
				CLANG_WARN_INFINITE_RECURSION = YES;
				CLANG_WARN_INT_CONVERSION = YES;
				CLANG_WARN_NON_LITERAL_NULL_CONVERSION = YES;
				CLANG_WARN_OBJC_IMPLICIT_RETAIN_SELF = YES;
				CLANG_WARN_OBJC_LITERAL_CONVERSION = YES;
				CLANG_WARN_OBJC_ROOT_CLASS = YES_ERROR;
				CLANG_WARN_RANGE_LOOP_ANALYSIS = YES;
				CLANG_WARN_STRICT_PROTOTYPES = YES;
				CLANG_WARN_SUSPICIOUS_MOVE = YES;
				CLANG_WARN_UNGUARDED_AVAILABILITY = YES_AGGRESSIVE;
				CLANG_WARN_UNREACHABLE_CODE = YES;
				CLANG_WARN__DUPLICATE_METHOD_MATCH = YES;
				CODE_SIGN_IDENTITY = "iPhone Developer";
				COPY_PHASE_STRIP = NO;
				DEBUG_INFORMATION_FORMAT = dwarf;
				ENABLE_STRICT_OBJC_MSGSEND = YES;
				ENABLE_TESTABILITY = YES;
				GCC_C_LANGUAGE_STANDARD = gnu11;
				GCC_DYNAMIC_NO_PIC = NO;
				GCC_NO_COMMON_BLOCKS = YES;
				GCC_OPTIMIZATION_LEVEL = 0;
				GCC_PREPROCESSOR_DEFINITIONS = (
					"DEBUG=1",
					"$(inherited)",
				);
				GCC_WARN_64_TO_32_BIT_CONVERSION = YES;
				GCC_WARN_ABOUT_RETURN_TYPE = YES_ERROR;
				GCC_WARN_UNDECLARED_SELECTOR = YES;
				GCC_WARN_UNINITIALIZED_AUTOS = YES_AGGRESSIVE;
				GCC_WARN_UNUSED_FUNCTION = YES;
				GCC_WARN_UNUSED_VARIABLE = YES;
				IPHONEOS_DEPLOYMENT_TARGET = 12.1;
				MTL_ENABLE_DEBUG_INFO = INCLUDE_SOURCE;
				MTL_FAST_MATH = YES;
				ONLY_ACTIVE_ARCH = YES;
				SDKROOT = iphoneos;
				SWIFT_ACTIVE_COMPILATION_CONDITIONS = DEBUG;
				SWIFT_OPTIMIZATION_LEVEL = "-Onone";
			};
			name = Debug;
		};
		5C5C3EBF2244E32000DDBD0E /* Release */ = {
			isa = XCBuildConfiguration;
			buildSettings = {
				ALWAYS_SEARCH_USER_PATHS = NO;
				CLANG_ANALYZER_NONNULL = YES;
				CLANG_ANALYZER_NUMBER_OBJECT_CONVERSION = YES_AGGRESSIVE;
				CLANG_CXX_LANGUAGE_STANDARD = "gnu++14";
				CLANG_CXX_LIBRARY = "libc++";
				CLANG_ENABLE_MODULES = YES;
				CLANG_ENABLE_OBJC_ARC = YES;
				CLANG_ENABLE_OBJC_WEAK = YES;
				CLANG_WARN_BLOCK_CAPTURE_AUTORELEASING = YES;
				CLANG_WARN_BOOL_CONVERSION = YES;
				CLANG_WARN_COMMA = YES;
				CLANG_WARN_CONSTANT_CONVERSION = YES;
				CLANG_WARN_DEPRECATED_OBJC_IMPLEMENTATIONS = YES;
				CLANG_WARN_DIRECT_OBJC_ISA_USAGE = YES_ERROR;
				CLANG_WARN_DOCUMENTATION_COMMENTS = YES;
				CLANG_WARN_EMPTY_BODY = YES;
				CLANG_WARN_ENUM_CONVERSION = YES;
				CLANG_WARN_INFINITE_RECURSION = YES;
				CLANG_WARN_INT_CONVERSION = YES;
				CLANG_WARN_NON_LITERAL_NULL_CONVERSION = YES;
				CLANG_WARN_OBJC_IMPLICIT_RETAIN_SELF = YES;
				CLANG_WARN_OBJC_LITERAL_CONVERSION = YES;
				CLANG_WARN_OBJC_ROOT_CLASS = YES_ERROR;
				CLANG_WARN_RANGE_LOOP_ANALYSIS = YES;
				CLANG_WARN_STRICT_PROTOTYPES = YES;
				CLANG_WARN_SUSPICIOUS_MOVE = YES;
				CLANG_WARN_UNGUARDED_AVAILABILITY = YES_AGGRESSIVE;
				CLANG_WARN_UNREACHABLE_CODE = YES;
				CLANG_WARN__DUPLICATE_METHOD_MATCH = YES;
				CODE_SIGN_IDENTITY = "iPhone Developer";
				COPY_PHASE_STRIP = NO;
				DEBUG_INFORMATION_FORMAT = "dwarf-with-dsym";
				ENABLE_NS_ASSERTIONS = NO;
				ENABLE_STRICT_OBJC_MSGSEND = YES;
				GCC_C_LANGUAGE_STANDARD = gnu11;
				GCC_NO_COMMON_BLOCKS = YES;
				GCC_WARN_64_TO_32_BIT_CONVERSION = YES;
				GCC_WARN_ABOUT_RETURN_TYPE = YES_ERROR;
				GCC_WARN_UNDECLARED_SELECTOR = YES;
				GCC_WARN_UNINITIALIZED_AUTOS = YES_AGGRESSIVE;
				GCC_WARN_UNUSED_FUNCTION = YES;
				GCC_WARN_UNUSED_VARIABLE = YES;
				IPHONEOS_DEPLOYMENT_TARGET = 12.1;
				MTL_ENABLE_DEBUG_INFO = NO;
				MTL_FAST_MATH = YES;
				SDKROOT = iphoneos;
				SWIFT_COMPILATION_MODE = wholemodule;
				SWIFT_OPTIMIZATION_LEVEL = "-O";
				VALIDATE_PRODUCT = YES;
			};
			name = Release;
		};
		5C5C3EC12244E32000DDBD0E /* Debug */ = {
			isa = XCBuildConfiguration;
			baseConfigurationReference = 4FB29CD1CD0759D6725C062C /* Pods-UKVimeoVideoExtractor_Swift.debug.xcconfig */;
			buildSettings = {
				ASSETCATALOG_COMPILER_APPICON_NAME = AppIcon;
				CODE_SIGN_STYLE = Automatic;
				DEVELOPMENT_TEAM = 7F667JN84B;
				INFOPLIST_FILE = UKVimeoVideoExtractor_Swift/Info.plist;
				LD_RUNPATH_SEARCH_PATHS = (
					"$(inherited)",
					"@executable_path/Frameworks",
				);
				PRODUCT_BUNDLE_IDENTIFIER = "com.uks.UKVimeoVideoExtractor-Swift";
				PRODUCT_NAME = "$(TARGET_NAME)";
				SWIFT_VERSION = 4.2;
				TARGETED_DEVICE_FAMILY = "1,2";
			};
			name = Debug;
		};
		5C5C3EC22244E32000DDBD0E /* Release */ = {
			isa = XCBuildConfiguration;
			baseConfigurationReference = AB0F36262A5A6C99F665D576 /* Pods-UKVimeoVideoExtractor_Swift.release.xcconfig */;
			buildSettings = {
				ASSETCATALOG_COMPILER_APPICON_NAME = AppIcon;
				CODE_SIGN_STYLE = Automatic;
				DEVELOPMENT_TEAM = 7F667JN84B;
				INFOPLIST_FILE = UKVimeoVideoExtractor_Swift/Info.plist;
				LD_RUNPATH_SEARCH_PATHS = (
					"$(inherited)",
					"@executable_path/Frameworks",
				);
				PRODUCT_BUNDLE_IDENTIFIER = "com.uks.UKVimeoVideoExtractor-Swift";
				PRODUCT_NAME = "$(TARGET_NAME)";
				SWIFT_VERSION = 4.2;
				TARGETED_DEVICE_FAMILY = "1,2";
			};
			name = Release;
		};
/* End XCBuildConfiguration section */

/* Begin XCConfigurationList section */
		5C5C3EA92244E31C00DDBD0E /* Build configuration list for PBXProject "UKVimeoVideoExtractor_Swift" */ = {
			isa = XCConfigurationList;
			buildConfigurations = (
				5C5C3EBE2244E32000DDBD0E /* Debug */,
				5C5C3EBF2244E32000DDBD0E /* Release */,
			);
			defaultConfigurationIsVisible = 0;
			defaultConfigurationName = Release;
		};
		5C5C3EC02244E32000DDBD0E /* Build configuration list for PBXNativeTarget "UKVimeoVideoExtractor_Swift" */ = {
			isa = XCConfigurationList;
			buildConfigurations = (
				5C5C3EC12244E32000DDBD0E /* Debug */,
				5C5C3EC22244E32000DDBD0E /* Release */,
			);
			defaultConfigurationIsVisible = 0;
			defaultConfigurationName = Release;
		};
/* End XCConfigurationList section */
	};
	rootObject = 5C5C3EA62244E31C00DDBD0E /* Project object */;
}
